
Microsoft Visual Studio Solution File, Format Version 12.00
# Visual Studio Version 17
VisualStudioVersion = 17.7.34302.85
MinimumVisualStudioVersion = 10.0.40219.1
Project("{FAE04EC0-301F-11D3-BF4B-00C04F79EFBC}") = "Pomodoro", "Pomodoro.csproj", "{6857E9DD-F786-409D-AB97-D70B312921A7}"
EndProject
Global
	GlobalSection(SolutionConfigurationPlatforms) = preSolution
		Debug|Any CPU = Debug|Any CPU
		Release|Any CPU = Release|Any CPU
	EndGlobalSection
	GlobalSection(ProjectConfigurationPlatforms) = postSolution
		{6857E9DD-F786-409D-AB97-D70B312921A7}.Debug|Any CPU.ActiveCfg = Debug|Any CPU
		{6857E9DD-F786-409D-AB97-D70B312921A7}.Debug|Any CPU.Build.0 = Debug|Any CPU
		{6857E9DD-F786-409D-AB97-D70B312921A7}.Release|Any CPU.ActiveCfg = Release|Any CPU
		{6857E9DD-F786-409D-AB97-D70B312921A7}.Release|Any CPU.Build.0 = Release|Any CPU
	EndGlobalSection
	GlobalSection(SolutionProperties) = preSolution
		HideSolutionNode = FALSE
	EndGlobalSection
	GlobalSection(ExtensibilityGlobals) = postSolution
		SolutionGuid = {016EA5E9-56D4-43E4-85D0-380592B88A98}
	EndGlobalSection
EndGlobal
